
Microsoft Visual Studio Solution File, Format Version 12.00
# Visual Studio Version 17
VisualStudioVersion = 17.7.34202.233
MinimumVisualStudioVersion = 10.0.40219.1
Project("{FAE04EC0-301F-11D3-BF4B-00C04F79EFBC}") = "AdoManager", "AdoManager\AdoManager.csproj", "{1DF3CD25-B8A8-4947-875B-84693AB996D0}"
EndProject
Global
	GlobalSection(SolutionConfigurationPlatforms) = preSolution
		Debug|Any CPU = Debug|Any CPU
		Release|Any CPU = Release|Any CPU
	EndGlobalSection
	GlobalSection(ProjectConfigurationPlatforms) = postSolution
		{1DF3CD25-B8A8-4947-875B-84693AB996D0}.Debug|Any CPU.ActiveCfg = Debug|Any CPU
		{1DF3CD25-B8A8-4947-875B-84693AB996D0}.Debug|Any CPU.Build.0 = Debug|Any CPU
		{1DF3CD25-B8A8-4947-875B-84693AB996D0}.Release|Any CPU.ActiveCfg = Release|Any CPU
		{1DF3CD25-B8A8-4947-875B-84693AB996D0}.Release|Any CPU.Build.0 = Release|Any CPU
	EndGlobalSection
	GlobalSection(SolutionProperties) = preSolution
		HideSolutionNode = FALSE
	EndGlobalSection
	GlobalSection(ExtensibilityGlobals) = postSolution
		SolutionGuid = {2BE31608-1F23-4065-9B77-8AA95D5D7A4F}
	EndGlobalSection
EndGlobal
